// !$*UTF8*$!
{
	archiveVersion = 1;
	classes = {
	};
	objectVersion = 55;
	objects = {

/* Begin PBXBuildFile section */
		C24680D428200FAE003B7789 /* FirebaseAppCheck in Frameworks */ = {isa = PBXBuildFile; productRef = C24680D328200FAE003B7789 /* FirebaseAppCheck */; };
		C24680D628200FAE003B7789 /* FirebaseAuth in Frameworks */ = {isa = PBXBuildFile; productRef = C24680D528200FAE003B7789 /* FirebaseAuth */; };
		C24680D828200FAE003B7789 /* FirebaseAuthCombine-Community in Frameworks */ = {isa = PBXBuildFile; productRef = C24680D728200FAE003B7789 /* FirebaseAuthCombine-Community */; };
		C24680DA28200FAE003B7789 /* FirebaseDatabase in Frameworks */ = {isa = PBXBuildFile; productRef = C24680D928200FAE003B7789 /* FirebaseDatabase */; };
		C24680DC28200FAE003B7789 /* FirebaseFirestore in Frameworks */ = {isa = PBXBuildFile; productRef = C24680DB28200FAE003B7789 /* FirebaseFirestore */; };
		C24680DE28200FAE003B7789 /* FirebaseFirestoreCombine-Community in Frameworks */ = {isa = PBXBuildFile; productRef = C24680DD28200FAE003B7789 /* FirebaseFirestoreCombine-Community */; };
		C24680E028200FAE003B7789 /* FirebaseFunctions in Frameworks */ = {isa = PBXBuildFile; productRef = C24680DF28200FAE003B7789 /* FirebaseFunctions */; };
		C24680E228200FAE003B7789 /* FirebaseStorage in Frameworks */ = {isa = PBXBuildFile; productRef = C24680E128200FAE003B7789 /* FirebaseStorage */; };
		C24680E428200FAE003B7789 /* FirebaseStorageCombine-Community in Frameworks */ = {isa = PBXBuildFile; productRef = C24680E328200FAE003B7789 /* FirebaseStorageCombine-Community */; };
		C24680E7282017AC003B7789 /* Router.swift in Sources */ = {isa = PBXBuildFile; fileRef = C24680E6282017AC003B7789 /* Router.swift */; };
		C249AAD227F2467900298572 /* VCFactory.swift in Sources */ = {isa = PBXBuildFile; fileRef = C249AAD127F2467900298572 /* VCFactory.swift */; };
		C249AAD527F24C5B00298572 /* TabBarController.swift in Sources */ = {isa = PBXBuildFile; fileRef = C249AAD427F24C5B00298572 /* TabBarController.swift */; };
		C249AAD827F24CB100298572 /* ProfileVC.swift in Sources */ = {isa = PBXBuildFile; fileRef = C249AAD727F24CB100298572 /* ProfileVC.swift */; };
		C249AADA27F24CB900298572 /* ProfileVM.swift in Sources */ = {isa = PBXBuildFile; fileRef = C249AAD927F24CB900298572 /* ProfileVM.swift */; };
		C249AADD27F24D1500298572 /* ChatVC.swift in Sources */ = {isa = PBXBuildFile; fileRef = C249AADC27F24D1500298572 /* ChatVC.swift */; };
		C249AADF27F24D3A00298572 /* ChatVM.swift in Sources */ = {isa = PBXBuildFile; fileRef = C249AADE27F24D3A00298572 /* ChatVM.swift */; };
		C249AAE227F24D7700298572 /* ScheduleVC.swift in Sources */ = {isa = PBXBuildFile; fileRef = C249AAE127F24D7700298572 /* ScheduleVC.swift */; };
		C249AAE427F24D9C00298572 /* ScheduleVM.swift in Sources */ = {isa = PBXBuildFile; fileRef = C249AAE327F24D9C00298572 /* ScheduleVM.swift */; };
		C249AAE727F257A500298572 /* AppState.swift in Sources */ = {isa = PBXBuildFile; fileRef = C249AAE627F257A500298572 /* AppState.swift */; };
		C249AAEC27F258D900298572 /* DataService.swift in Sources */ = {isa = PBXBuildFile; fileRef = C249AAEB27F258D900298572 /* DataService.swift */; };
		C249AAEF27F2599B00298572 /* KeychainAccess in Frameworks */ = {isa = PBXBuildFile; productRef = C249AAEE27F2599B00298572 /* KeychainAccess */; };
		C249AAF127F25A6900298572 /* CoreFactory.swift in Sources */ = {isa = PBXBuildFile; fileRef = C249AAF027F25A6900298572 /* CoreFactory.swift */; };
		C249AAF427F25C2700298572 /* UIControl+Utilities.swift in Sources */ = {isa = PBXBuildFile; fileRef = C249AAF327F25C2700298572 /* UIControl+Utilities.swift */; };
		C249AAF627F25F7A00298572 /* UIView+Utilities.swift in Sources */ = {isa = PBXBuildFile; fileRef = C249AAF527F25F7A00298572 /* UIView+Utilities.swift */; };
		C249AAF827F25FC500298572 /* Configurator.swift in Sources */ = {isa = PBXBuildFile; fileRef = C249AAF727F25FC500298572 /* Configurator.swift */; };
		C249AAFA27F2600A00298572 /* UIStackView+Utilities.swift in Sources */ = {isa = PBXBuildFile; fileRef = C249AAF927F2600A00298572 /* UIStackView+Utilities.swift */; };
		C249AAFC27F260C100298572 /* AppDelegate+NavAppearance.swift in Sources */ = {isa = PBXBuildFile; fileRef = C249AAFB27F260C100298572 /* AppDelegate+NavAppearance.swift */; };
		C28B793627E3C48900824C1C /* AppDelegate.swift in Sources */ = {isa = PBXBuildFile; fileRef = C28B793527E3C48900824C1C /* AppDelegate.swift */; };
		C28B793F27E3C48A00824C1C /* Assets.xcassets in Resources */ = {isa = PBXBuildFile; fileRef = C28B793E27E3C48A00824C1C /* Assets.xcassets */; };
		C28B794227E3C48A00824C1C /* LaunchScreen.storyboard in Resources */ = {isa = PBXBuildFile; fileRef = C28B794027E3C48A00824C1C /* LaunchScreen.storyboard */; };
		C28B794C27E3C89A00824C1C /* AuthVC.swift in Sources */ = {isa = PBXBuildFile; fileRef = C28B794B27E3C89A00824C1C /* AuthVC.swift */; };
		C2A1606E282008570038E9FD /* Localizable.strings in Resources */ = {isa = PBXBuildFile; fileRef = C2A1606D282008570038E9FD /* Localizable.strings */; };
		C2A16070282009570038E9FD /* Strings.swift in Sources */ = {isa = PBXBuildFile; fileRef = C2A1606F282009570038E9FD /* Strings.swift */; };
		C2A1607228200A2E0038E9FD /* User.swift in Sources */ = {isa = PBXBuildFile; fileRef = C2A1607128200A2E0038E9FD /* User.swift */; };
		C2A1607428200CEE0038E9FD /* GoogleService-Info.plist in Resources */ = {isa = PBXBuildFile; fileRef = C2A1607328200CEE0038E9FD /* GoogleService-Info.plist */; };
		C2D38BAC27E3D9A60020938F /* TTGSnackbar in Frameworks */ = {isa = PBXBuildFile; productRef = C2D38BAB27E3D9A60020938F /* TTGSnackbar */; };
		C2D38BAF27E3D9BB0020938F /* AutoLayoutSugar in Frameworks */ = {isa = PBXBuildFile; productRef = C2D38BAE27E3D9BB0020938F /* AutoLayoutSugar */; };
		C2D38BB227E3DA130020938F /* KeyboardManager in Frameworks */ = {isa = PBXBuildFile; productRef = C2D38BB127E3DA130020938F /* KeyboardManager */; };
		C2D38BB427E3DA2D0020938F /* AuthVM.swift in Sources */ = {isa = PBXBuildFile; fileRef = C2D38BB327E3DA2D0020938F /* AuthVM.swift */; };
		C2D38BBA27E3E99A0020938F /* Assets.swift in Sources */ = {isa = PBXBuildFile; fileRef = C2D38BB927E3E99A0020938F /* Assets.swift */; };
/* End PBXBuildFile section */

/* Begin PBXFileReference section */
		C24680E6282017AC003B7789 /* Router.swift */ = {isa = PBXFileReference; lastKnownFileType = sourcecode.swift; path = Router.swift; sourceTree = "<group>"; };
		C249AAD127F2467900298572 /* VCFactory.swift */ = {isa = PBXFileReference; lastKnownFileType = sourcecode.swift; path = VCFactory.swift; sourceTree = "<group>"; };
		C249AAD427F24C5B00298572 /* TabBarController.swift */ = {isa = PBXFileReference; lastKnownFileType = sourcecode.swift; path = TabBarController.swift; sourceTree = "<group>"; };
		C249AAD727F24CB100298572 /* ProfileVC.swift */ = {isa = PBXFileReference; lastKnownFileType = sourcecode.swift; path = ProfileVC.swift; sourceTree = "<group>"; };
		C249AAD927F24CB900298572 /* ProfileVM.swift */ = {isa = PBXFileReference; lastKnownFileType = sourcecode.swift; path = ProfileVM.swift; sourceTree = "<group>"; };
		C249AADC27F24D1500298572 /* ChatVC.swift */ = {isa = PBXFileReference; lastKnownFileType = sourcecode.swift; path = ChatVC.swift; sourceTree = "<group>"; };
		C249AADE27F24D3A00298572 /* ChatVM.swift */ = {isa = PBXFileReference; lastKnownFileType = sourcecode.swift; path = ChatVM.swift; sourceTree = "<group>"; };
		C249AAE127F24D7700298572 /* ScheduleVC.swift */ = {isa = PBXFileReference; lastKnownFileType = sourcecode.swift; path = ScheduleVC.swift; sourceTree = "<group>"; };
		C249AAE327F24D9C00298572 /* ScheduleVM.swift */ = {isa = PBXFileReference; lastKnownFileType = sourcecode.swift; path = ScheduleVM.swift; sourceTree = "<group>"; };
		C249AAE627F257A500298572 /* AppState.swift */ = {isa = PBXFileReference; lastKnownFileType = sourcecode.swift; path = AppState.swift; sourceTree = "<group>"; };
		C249AAEB27F258D900298572 /* DataService.swift */ = {isa = PBXFileReference; lastKnownFileType = sourcecode.swift; path = DataService.swift; sourceTree = "<group>"; };
		C249AAF027F25A6900298572 /* CoreFactory.swift */ = {isa = PBXFileReference; lastKnownFileType = sourcecode.swift; path = CoreFactory.swift; sourceTree = "<group>"; };
		C249AAF327F25C2700298572 /* UIControl+Utilities.swift */ = {isa = PBXFileReference; lastKnownFileType = sourcecode.swift; path = "UIControl+Utilities.swift"; sourceTree = "<group>"; };
		C249AAF527F25F7A00298572 /* UIView+Utilities.swift */ = {isa = PBXFileReference; lastKnownFileType = sourcecode.swift; path = "UIView+Utilities.swift"; sourceTree = "<group>"; };
		C249AAF727F25FC500298572 /* Configurator.swift */ = {isa = PBXFileReference; lastKnownFileType = sourcecode.swift; path = Configurator.swift; sourceTree = "<group>"; };
		C249AAF927F2600A00298572 /* UIStackView+Utilities.swift */ = {isa = PBXFileReference; lastKnownFileType = sourcecode.swift; path = "UIStackView+Utilities.swift"; sourceTree = "<group>"; };
		C249AAFB27F260C100298572 /* AppDelegate+NavAppearance.swift */ = {isa = PBXFileReference; lastKnownFileType = sourcecode.swift; path = "AppDelegate+NavAppearance.swift"; sourceTree = "<group>"; };
		C28B793227E3C48900824C1C /* MyKindergarten.app */ = {isa = PBXFileReference; explicitFileType = wrapper.application; includeInIndex = 0; path = MyKindergarten.app; sourceTree = BUILT_PRODUCTS_DIR; };
		C28B793527E3C48900824C1C /* AppDelegate.swift */ = {isa = PBXFileReference; lastKnownFileType = sourcecode.swift; path = AppDelegate.swift; sourceTree = "<group>"; };
		C28B793E27E3C48A00824C1C /* Assets.xcassets */ = {isa = PBXFileReference; lastKnownFileType = folder.assetcatalog; path = Assets.xcassets; sourceTree = "<group>"; };
		C28B794127E3C48A00824C1C /* Base */ = {isa = PBXFileReference; lastKnownFileType = file.storyboard; name = Base; path = Base.lproj/LaunchScreen.storyboard; sourceTree = "<group>"; };
		C28B794327E3C48A00824C1C /* Info.plist */ = {isa = PBXFileReference; lastKnownFileType = text.plist.xml; path = Info.plist; sourceTree = "<group>"; };
		C28B794B27E3C89A00824C1C /* AuthVC.swift */ = {isa = PBXFileReference; lastKnownFileType = sourcecode.swift; path = AuthVC.swift; sourceTree = "<group>"; };
		C2A1606D282008570038E9FD /* Localizable.strings */ = {isa = PBXFileReference; lastKnownFileType = text.plist.strings; path = Localizable.strings; sourceTree = "<group>"; };
		C2A1606F282009570038E9FD /* Strings.swift */ = {isa = PBXFileReference; lastKnownFileType = sourcecode.swift; path = Strings.swift; sourceTree = "<group>"; };
		C2A1607128200A2E0038E9FD /* User.swift */ = {isa = PBXFileReference; lastKnownFileType = sourcecode.swift; path = User.swift; sourceTree = "<group>"; };
		C2A1607328200CEE0038E9FD /* GoogleService-Info.plist */ = {isa = PBXFileReference; fileEncoding = 4; lastKnownFileType = text.plist.xml; name = "GoogleService-Info.plist"; path = "../../../../Downloads/GoogleService-Info.plist"; sourceTree = "<group>"; };
		C2D38BB327E3DA2D0020938F /* AuthVM.swift */ = {isa = PBXFileReference; lastKnownFileType = sourcecode.swift; path = AuthVM.swift; sourceTree = "<group>"; };
		C2D38BB927E3E99A0020938F /* Assets.swift */ = {isa = PBXFileReference; lastKnownFileType = sourcecode.swift; path = Assets.swift; sourceTree = "<group>"; };
/* End PBXFileReference section */

/* Begin PBXFrameworksBuildPhase section */
		C28B792F27E3C48900824C1C /* Frameworks */ = {
			isa = PBXFrameworksBuildPhase;
			buildActionMask = 2147483647;
			files = (
				C249AAEF27F2599B00298572 /* KeychainAccess in Frameworks */,
				C24680D628200FAE003B7789 /* FirebaseAuth in Frameworks */,
				C2D38BAF27E3D9BB0020938F /* AutoLayoutSugar in Frameworks */,
				C24680E428200FAE003B7789 /* FirebaseStorageCombine-Community in Frameworks */,
				C24680DE28200FAE003B7789 /* FirebaseFirestoreCombine-Community in Frameworks */,
				C2D38BAC27E3D9A60020938F /* TTGSnackbar in Frameworks */,
				C24680E228200FAE003B7789 /* FirebaseStorage in Frameworks */,
				C24680D428200FAE003B7789 /* FirebaseAppCheck in Frameworks */,
				C24680DC28200FAE003B7789 /* FirebaseFirestore in Frameworks */,
				C24680D828200FAE003B7789 /* FirebaseAuthCombine-Community in Frameworks */,
				C24680DA28200FAE003B7789 /* FirebaseDatabase in Frameworks */,
				C24680E028200FAE003B7789 /* FirebaseFunctions in Frameworks */,
				C2D38BB227E3DA130020938F /* KeyboardManager in Frameworks */,
			);
			runOnlyForDeploymentPostprocessing = 0;
		};
/* End PBXFrameworksBuildPhase section */

/* Begin PBXGroup section */
		C24680E52820179C003B7789 /* Router */ = {
			isa = PBXGroup;
			children = (
				C24680E6282017AC003B7789 /* Router.swift */,
			);
			path = Router;
			sourceTree = "<group>";
		};
		C249AACF27F2465400298572 /* Buisness */ = {
			isa = PBXGroup;
			children = (
				C24680E52820179C003B7789 /* Router */,
				C249AAF227F25C1500298572 /* Utilities */,
				C249AAEA27F258CD00298572 /* Services */,
				C249AAE527F253F600298572 /* Models */,
				C249AAD027F2466400298572 /* Factories */,
			);
			path = Buisness;
			sourceTree = "<group>";
		};
		C249AAD027F2466400298572 /* Factories */ = {
			isa = PBXGroup;
			children = (
				C249AAD127F2467900298572 /* VCFactory.swift */,
				C249AAF027F25A6900298572 /* CoreFactory.swift */,
			);
			path = Factories;
			sourceTree = "<group>";
		};
		C249AAD327F24C4900298572 /* TabBar */ = {
			isa = PBXGroup;
			children = (
				C249AAD427F24C5B00298572 /* TabBarController.swift */,
			);
			path = TabBar;
			sourceTree = "<group>";
		};
		C249AAD627F24C9900298572 /* Profile */ = {
			isa = PBXGroup;
			children = (
				C249AAD727F24CB100298572 /* ProfileVC.swift */,
				C249AAD927F24CB900298572 /* ProfileVM.swift */,
			);
			path = Profile;
			sourceTree = "<group>";
		};
		C249AADB27F24D0700298572 /* Chat */ = {
			isa = PBXGroup;
			children = (
				C249AADC27F24D1500298572 /* ChatVC.swift */,
				C249AADE27F24D3A00298572 /* ChatVM.swift */,
			);
			path = Chat;
			sourceTree = "<group>";
		};
		C249AAE027F24D6500298572 /* Schedule */ = {
			isa = PBXGroup;
			children = (
				C249AAE127F24D7700298572 /* ScheduleVC.swift */,
				C249AAE327F24D9C00298572 /* ScheduleVM.swift */,
			);
			path = Schedule;
			sourceTree = "<group>";
		};
		C249AAE527F253F600298572 /* Models */ = {
			isa = PBXGroup;
			children = (
				C249AAE627F257A500298572 /* AppState.swift */,
				C2A1607128200A2E0038E9FD /* User.swift */,
			);
			path = Models;
			sourceTree = "<group>";
		};
		C249AAEA27F258CD00298572 /* Services */ = {
			isa = PBXGroup;
			children = (
				C249AAEB27F258D900298572 /* DataService.swift */,
			);
			path = Services;
			sourceTree = "<group>";
		};
		C249AAF227F25C1500298572 /* Utilities */ = {
			isa = PBXGroup;
			children = (
				C249AAF327F25C2700298572 /* UIControl+Utilities.swift */,
				C249AAF527F25F7A00298572 /* UIView+Utilities.swift */,
				C249AAF727F25FC500298572 /* Configurator.swift */,
				C249AAF927F2600A00298572 /* UIStackView+Utilities.swift */,
			);
			path = Utilities;
			sourceTree = "<group>";
		};
		C28B792927E3C48900824C1C = {
			isa = PBXGroup;
			children = (
				C28B793427E3C48900824C1C /* MyKindergarten */,
				C28B793327E3C48900824C1C /* Products */,
			);
			sourceTree = "<group>";
		};
		C28B793327E3C48900824C1C /* Products */ = {
			isa = PBXGroup;
			children = (
				C28B793227E3C48900824C1C /* MyKindergarten.app */,
			);
			name = Products;
			sourceTree = "<group>";
		};
		C28B793427E3C48900824C1C /* MyKindergarten */ = {
			isa = PBXGroup;
			children = (
				C249AACF27F2465400298572 /* Buisness */,
				C2D38BB827E3E87A0020938F /* UI */,
				C2D38BA527E3CC490020938F /* Main */,
				C28B794D27E3CA0900824C1C /* Resources */,
				C28B794927E3C87300824C1C /* Modules */,
			);
			path = MyKindergarten;
			sourceTree = "<group>";
		};
		C28B794927E3C87300824C1C /* Modules */ = {
			isa = PBXGroup;
			children = (
				C249AAE027F24D6500298572 /* Schedule */,
				C249AADB27F24D0700298572 /* Chat */,
				C249AAD627F24C9900298572 /* Profile */,
				C249AAD327F24C4900298572 /* TabBar */,
				C28B794A27E3C88500824C1C /* Auth */,
			);
			path = Modules;
			sourceTree = "<group>";
		};
		C28B794A27E3C88500824C1C /* Auth */ = {
			isa = PBXGroup;
			children = (
				C28B794B27E3C89A00824C1C /* AuthVC.swift */,
				C2D38BB327E3DA2D0020938F /* AuthVM.swift */,
			);
			path = Auth;
			sourceTree = "<group>";
		};
		C28B794D27E3CA0900824C1C /* Resources */ = {
			isa = PBXGroup;
			children = (
				C2D38BA627E3CD2E0020938F /* Generated */,
				C28B793E27E3C48A00824C1C /* Assets.xcassets */,
				C2A1606D282008570038E9FD /* Localizable.strings */,
			);
			path = Resources;
			sourceTree = "<group>";
		};
		C2D38BA527E3CC490020938F /* Main */ = {
			isa = PBXGroup;
			children = (
				C28B794027E3C48A00824C1C /* LaunchScreen.storyboard */,
				C28B793527E3C48900824C1C /* AppDelegate.swift */,
				C28B794327E3C48A00824C1C /* Info.plist */,
				C2A1607328200CEE0038E9FD /* GoogleService-Info.plist */,
				C249AAFB27F260C100298572 /* AppDelegate+NavAppearance.swift */,
			);
			path = Main;
			sourceTree = "<group>";
		};
		C2D38BA627E3CD2E0020938F /* Generated */ = {
			isa = PBXGroup;
			children = (
				C2D38BB927E3E99A0020938F /* Assets.swift */,
				C2A1606F282009570038E9FD /* Strings.swift */,
			);
			path = Generated;
			sourceTree = "<group>";
		};
		C2D38BB827E3E87A0020938F /* UI */ = {
			isa = PBXGroup;
			children = (
			);
			path = UI;
			sourceTree = "<group>";
		};
/* End PBXGroup section */

/* Begin PBXNativeTarget section */
		C28B793127E3C48900824C1C /* MyKindergarten */ = {
			isa = PBXNativeTarget;
			buildConfigurationList = C28B794627E3C48A00824C1C /* Build configuration list for PBXNativeTarget "MyKindergarten" */;
			buildPhases = (
				C28B792E27E3C48900824C1C /* Sources */,
				C28B792F27E3C48900824C1C /* Frameworks */,
				C28B793027E3C48900824C1C /* Resources */,
			);
			buildRules = (
			);
			dependencies = (
			);
			name = MyKindergarten;
			packageProductDependencies = (
				C2D38BAB27E3D9A60020938F /* TTGSnackbar */,
				C2D38BAE27E3D9BB0020938F /* AutoLayoutSugar */,
				C2D38BB127E3DA130020938F /* KeyboardManager */,
				C249AAEE27F2599B00298572 /* KeychainAccess */,
				C24680D328200FAE003B7789 /* FirebaseAppCheck */,
				C24680D528200FAE003B7789 /* FirebaseAuth */,
				C24680D728200FAE003B7789 /* FirebaseAuthCombine-Community */,
				C24680D928200FAE003B7789 /* FirebaseDatabase */,
				C24680DB28200FAE003B7789 /* FirebaseFirestore */,
				C24680DD28200FAE003B7789 /* FirebaseFirestoreCombine-Community */,
				C24680DF28200FAE003B7789 /* FirebaseFunctions */,
				C24680E128200FAE003B7789 /* FirebaseStorage */,
				C24680E328200FAE003B7789 /* FirebaseStorageCombine-Community */,
			);
			productName = MyKindergarten;
			productReference = C28B793227E3C48900824C1C /* MyKindergarten.app */;
			productType = "com.apple.product-type.application";
		};
/* End PBXNativeTarget section */

/* Begin PBXProject section */
		C28B792A27E3C48900824C1C /* Project object */ = {
			isa = PBXProject;
			attributes = {
				BuildIndependentTargetsInParallel = 1;
				LastSwiftUpdateCheck = 1330;
				LastUpgradeCheck = 1330;
				TargetAttributes = {
					C28B793127E3C48900824C1C = {
						CreatedOnToolsVersion = 13.3;
					};
				};
			};
			buildConfigurationList = C28B792D27E3C48900824C1C /* Build configuration list for PBXProject "MyKindergarten" */;
			compatibilityVersion = "Xcode 13.0";
			developmentRegion = en;
			hasScannedForEncodings = 0;
			knownRegions = (
				en,
				Base,
			);
			mainGroup = C28B792927E3C48900824C1C;
			packageReferences = (
				C2D38BAA27E3D9A60020938F /* XCRemoteSwiftPackageReference "TTGSnackbar" */,
				C2D38BAD27E3D9BB0020938F /* XCRemoteSwiftPackageReference "auto-layout-sugar-ios" */,
				C2D38BB027E3DA130020938F /* XCRemoteSwiftPackageReference "KeyboardManager" */,
				C249AAED27F2599B00298572 /* XCRemoteSwiftPackageReference "KeychainAccess" */,
				C24680D228200FAE003B7789 /* XCRemoteSwiftPackageReference "firebase-ios-sdk" */,
			);
			productRefGroup = C28B793327E3C48900824C1C /* Products */;
			projectDirPath = "";
			projectRoot = "";
			targets = (
				C28B793127E3C48900824C1C /* MyKindergarten */,
			);
		};
/* End PBXProject section */

/* Begin PBXResourcesBuildPhase section */
		C28B793027E3C48900824C1C /* Resources */ = {
			isa = PBXResourcesBuildPhase;
			buildActionMask = 2147483647;
			files = (
				C28B794227E3C48A00824C1C /* LaunchScreen.storyboard in Resources */,
				C2A1607428200CEE0038E9FD /* GoogleService-Info.plist in Resources */,
				C2A1606E282008570038E9FD /* Localizable.strings in Resources */,
				C28B793F27E3C48A00824C1C /* Assets.xcassets in Resources */,
			);
			runOnlyForDeploymentPostprocessing = 0;
		};
/* End PBXResourcesBuildPhase section */

/* Begin PBXSourcesBuildPhase section */
		C28B792E27E3C48900824C1C /* Sources */ = {
			isa = PBXSourcesBuildPhase;
			buildActionMask = 2147483647;
			files = (
				C249AAFA27F2600A00298572 /* UIStackView+Utilities.swift in Sources */,
				C249AADD27F24D1500298572 /* ChatVC.swift in Sources */,
				C249AAEC27F258D900298572 /* DataService.swift in Sources */,
				C249AAF627F25F7A00298572 /* UIView+Utilities.swift in Sources */,
				C2D38BB427E3DA2D0020938F /* AuthVM.swift in Sources */,
				C249AAE227F24D7700298572 /* ScheduleVC.swift in Sources */,
				C249AAFC27F260C100298572 /* AppDelegate+NavAppearance.swift in Sources */,
				C249AAF127F25A6900298572 /* CoreFactory.swift in Sources */,
				C28B794C27E3C89A00824C1C /* AuthVC.swift in Sources */,
				C249AAD827F24CB100298572 /* ProfileVC.swift in Sources */,
				C2A1607228200A2E0038E9FD /* User.swift in Sources */,
				C249AADF27F24D3A00298572 /* ChatVM.swift in Sources */,
				C2D38BBA27E3E99A0020938F /* Assets.swift in Sources */,
				C249AAF827F25FC500298572 /* Configurator.swift in Sources */,
				C2A16070282009570038E9FD /* Strings.swift in Sources */,
				C249AAE427F24D9C00298572 /* ScheduleVM.swift in Sources */,
				C24680E7282017AC003B7789 /* Router.swift in Sources */,
				C249AAF427F25C2700298572 /* UIControl+Utilities.swift in Sources */,
				C249AAD527F24C5B00298572 /* TabBarController.swift in Sources */,
				C28B793627E3C48900824C1C /* AppDelegate.swift in Sources */,
				C249AAE727F257A500298572 /* AppState.swift in Sources */,
				C249AADA27F24CB900298572 /* ProfileVM.swift in Sources */,
				C249AAD227F2467900298572 /* VCFactory.swift in Sources */,
			);
			runOnlyForDeploymentPostprocessing = 0;
		};
/* End PBXSourcesBuildPhase section */

/* Begin PBXVariantGroup section */
		C28B794027E3C48A00824C1C /* LaunchScreen.storyboard */ = {
			isa = PBXVariantGroup;
			children = (
				C28B794127E3C48A00824C1C /* Base */,
			);
			name = LaunchScreen.storyboard;
			sourceTree = "<group>";
		};
/* End PBXVariantGroup section */

/* Begin XCBuildConfiguration section */
		C28B794427E3C48A00824C1C /* Debug */ = {
			isa = XCBuildConfiguration;
			buildSettings = {
				ALWAYS_SEARCH_USER_PATHS = NO;
				CLANG_ANALYZER_NONNULL = YES;
				CLANG_ANALYZER_NUMBER_OBJECT_CONVERSION = YES_AGGRESSIVE;
				CLANG_CXX_LANGUAGE_STANDARD = "gnu++17";
				CLANG_ENABLE_MODULES = YES;
				CLANG_ENABLE_OBJC_ARC = YES;
				CLANG_ENABLE_OBJC_WEAK = YES;
				CLANG_WARN_BLOCK_CAPTURE_AUTORELEASING = YES;
				CLANG_WARN_BOOL_CONVERSION = YES;
				CLANG_WARN_COMMA = YES;
				CLANG_WARN_CONSTANT_CONVERSION = YES;
				CLANG_WARN_DEPRECATED_OBJC_IMPLEMENTATIONS = YES;
				CLANG_WARN_DIRECT_OBJC_ISA_USAGE = YES_ERROR;
				CLANG_WARN_DOCUMENTATION_COMMENTS = YES;
				CLANG_WARN_EMPTY_BODY = YES;
				CLANG_WARN_ENUM_CONVERSION = YES;
				CLANG_WARN_INFINITE_RECURSION = YES;
				CLANG_WARN_INT_CONVERSION = YES;
				CLANG_WARN_NON_LITERAL_NULL_CONVERSION = YES;
				CLANG_WARN_OBJC_IMPLICIT_RETAIN_SELF = YES;
				CLANG_WARN_OBJC_LITERAL_CONVERSION = YES;
				CLANG_WARN_OBJC_ROOT_CLASS = YES_ERROR;
				CLANG_WARN_QUOTED_INCLUDE_IN_FRAMEWORK_HEADER = YES;
				CLANG_WARN_RANGE_LOOP_ANALYSIS = YES;
				CLANG_WARN_STRICT_PROTOTYPES = YES;
				CLANG_WARN_SUSPICIOUS_MOVE = YES;
				CLANG_WARN_UNGUARDED_AVAILABILITY = YES_AGGRESSIVE;
				CLANG_WARN_UNREACHABLE_CODE = YES;
				CLANG_WARN__DUPLICATE_METHOD_MATCH = YES;
				COPY_PHASE_STRIP = NO;
				DEBUG_INFORMATION_FORMAT = dwarf;
				ENABLE_STRICT_OBJC_MSGSEND = YES;
				ENABLE_TESTABILITY = YES;
				GCC_C_LANGUAGE_STANDARD = gnu11;
				GCC_DYNAMIC_NO_PIC = NO;
				GCC_NO_COMMON_BLOCKS = YES;
				GCC_OPTIMIZATION_LEVEL = 0;
				GCC_PREPROCESSOR_DEFINITIONS = (
					"DEBUG=1",
					"$(inherited)",
				);
				GCC_WARN_64_TO_32_BIT_CONVERSION = YES;
				GCC_WARN_ABOUT_RETURN_TYPE = YES_ERROR;
				GCC_WARN_UNDECLARED_SELECTOR = YES;
				GCC_WARN_UNINITIALIZED_AUTOS = YES_AGGRESSIVE;
				GCC_WARN_UNUSED_FUNCTION = YES;
				GCC_WARN_UNUSED_VARIABLE = YES;
				IPHONEOS_DEPLOYMENT_TARGET = 13.0;
				MTL_ENABLE_DEBUG_INFO = INCLUDE_SOURCE;
				MTL_FAST_MATH = YES;
				ONLY_ACTIVE_ARCH = YES;
				SDKROOT = iphoneos;
				SWIFT_ACTIVE_COMPILATION_CONDITIONS = DEBUG;
				SWIFT_OPTIMIZATION_LEVEL = "-Onone";
			};
			name = Debug;
		};
		C28B794527E3C48A00824C1C /* Release */ = {
			isa = XCBuildConfiguration;
			buildSettings = {
				ALWAYS_SEARCH_USER_PATHS = NO;
				CLANG_ANALYZER_NONNULL = YES;
				CLANG_ANALYZER_NUMBER_OBJECT_CONVERSION = YES_AGGRESSIVE;
				CLANG_CXX_LANGUAGE_STANDARD = "gnu++17";
				CLANG_ENABLE_MODULES = YES;
				CLANG_ENABLE_OBJC_ARC = YES;
				CLANG_ENABLE_OBJC_WEAK = YES;
				CLANG_WARN_BLOCK_CAPTURE_AUTORELEASING = YES;
				CLANG_WARN_BOOL_CONVERSION = YES;
				CLANG_WARN_COMMA = YES;
				CLANG_WARN_CONSTANT_CONVERSION = YES;
				CLANG_WARN_DEPRECATED_OBJC_IMPLEMENTATIONS = YES;
				CLANG_WARN_DIRECT_OBJC_ISA_USAGE = YES_ERROR;
				CLANG_WARN_DOCUMENTATION_COMMENTS = YES;
				CLANG_WARN_EMPTY_BODY = YES;
				CLANG_WARN_ENUM_CONVERSION = YES;
				CLANG_WARN_INFINITE_RECURSION = YES;
				CLANG_WARN_INT_CONVERSION = YES;
				CLANG_WARN_NON_LITERAL_NULL_CONVERSION = YES;
				CLANG_WARN_OBJC_IMPLICIT_RETAIN_SELF = YES;
				CLANG_WARN_OBJC_LITERAL_CONVERSION = YES;
				CLANG_WARN_OBJC_ROOT_CLASS = YES_ERROR;
				CLANG_WARN_QUOTED_INCLUDE_IN_FRAMEWORK_HEADER = YES;
				CLANG_WARN_RANGE_LOOP_ANALYSIS = YES;
				CLANG_WARN_STRICT_PROTOTYPES = YES;
				CLANG_WARN_SUSPICIOUS_MOVE = YES;
				CLANG_WARN_UNGUARDED_AVAILABILITY = YES_AGGRESSIVE;
				CLANG_WARN_UNREACHABLE_CODE = YES;
				CLANG_WARN__DUPLICATE_METHOD_MATCH = YES;
				COPY_PHASE_STRIP = NO;
				DEBUG_INFORMATION_FORMAT = "dwarf-with-dsym";
				ENABLE_NS_ASSERTIONS = NO;
				ENABLE_STRICT_OBJC_MSGSEND = YES;
				GCC_C_LANGUAGE_STANDARD = gnu11;
				GCC_NO_COMMON_BLOCKS = YES;
				GCC_WARN_64_TO_32_BIT_CONVERSION = YES;
				GCC_WARN_ABOUT_RETURN_TYPE = YES_ERROR;
				GCC_WARN_UNDECLARED_SELECTOR = YES;
				GCC_WARN_UNINITIALIZED_AUTOS = YES_AGGRESSIVE;
				GCC_WARN_UNUSED_FUNCTION = YES;
				GCC_WARN_UNUSED_VARIABLE = YES;
				IPHONEOS_DEPLOYMENT_TARGET = 13.0;
				MTL_ENABLE_DEBUG_INFO = NO;
				MTL_FAST_MATH = YES;
				SDKROOT = iphoneos;
				SWIFT_COMPILATION_MODE = wholemodule;
				SWIFT_OPTIMIZATION_LEVEL = "-O";
				VALIDATE_PRODUCT = YES;
			};
			name = Release;
		};
		C28B794727E3C48A00824C1C /* Debug */ = {
			isa = XCBuildConfiguration;
			buildSettings = {
				ASSETCATALOG_COMPILER_APPICON_NAME = AppIcon;
				ASSETCATALOG_COMPILER_GLOBAL_ACCENT_COLOR_NAME = AccentColor;
				CODE_SIGN_STYLE = Automatic;
				CURRENT_PROJECT_VERSION = 1;
				DEVELOPMENT_TEAM = GWK7SQ2Y7H;
				GENERATE_INFOPLIST_FILE = YES;
				INFOPLIST_FILE = MyKindergarten/Main/Info.plist;
				INFOPLIST_KEY_UIApplicationSupportsIndirectInputEvents = YES;
				INFOPLIST_KEY_UILaunchStoryboardName = LaunchScreen;
				INFOPLIST_KEY_UISupportedInterfaceOrientations_iPad = "UIInterfaceOrientationPortrait UIInterfaceOrientationPortraitUpsideDown UIInterfaceOrientationLandscapeLeft UIInterfaceOrientationLandscapeRight";
				INFOPLIST_KEY_UISupportedInterfaceOrientations_iPhone = "UIInterfaceOrientationPortrait UIInterfaceOrientationLandscapeLeft UIInterfaceOrientationLandscapeRight";
				IPHONEOS_DEPLOYMENT_TARGET = 13.0;
				LD_RUNPATH_SEARCH_PATHS = (
					"$(inherited)",
					"@executable_path/Frameworks",
				);
				MARKETING_VERSION = 1.0;
				PRODUCT_BUNDLE_IDENTIFIER = com.zhivaevvd.MyKindergarten;
				PRODUCT_NAME = "$(TARGET_NAME)";
				SWIFT_EMIT_LOC_STRINGS = YES;
				SWIFT_VERSION = 5.0;
				TARGETED_DEVICE_FAMILY = "1,2";
			};
			name = Debug;
		};
		C28B794827E3C48A00824C1C /* Release */ = {
			isa = XCBuildConfiguration;
			buildSettings = {
				ASSETCATALOG_COMPILER_APPICON_NAME = AppIcon;
				ASSETCATALOG_COMPILER_GLOBAL_ACCENT_COLOR_NAME = AccentColor;
				CODE_SIGN_STYLE = Automatic;
				CURRENT_PROJECT_VERSION = 1;
				DEVELOPMENT_TEAM = GWK7SQ2Y7H;
				GENERATE_INFOPLIST_FILE = YES;
				INFOPLIST_FILE = MyKindergarten/Main/Info.plist;
				INFOPLIST_KEY_UIApplicationSupportsIndirectInputEvents = YES;
				INFOPLIST_KEY_UILaunchStoryboardName = LaunchScreen;
				INFOPLIST_KEY_UISupportedInterfaceOrientations_iPad = "UIInterfaceOrientationPortrait UIInterfaceOrientationPortraitUpsideDown UIInterfaceOrientationLandscapeLeft UIInterfaceOrientationLandscapeRight";
				INFOPLIST_KEY_UISupportedInterfaceOrientations_iPhone = "UIInterfaceOrientationPortrait UIInterfaceOrientationLandscapeLeft UIInterfaceOrientationLandscapeRight";
				IPHONEOS_DEPLOYMENT_TARGET = 13.0;
				LD_RUNPATH_SEARCH_PATHS = (
					"$(inherited)",
					"@executable_path/Frameworks",
				);
				MARKETING_VERSION = 1.0;
				PRODUCT_BUNDLE_IDENTIFIER = com.zhivaevvd.MyKindergarten;
				PRODUCT_NAME = "$(TARGET_NAME)";
				SWIFT_EMIT_LOC_STRINGS = YES;
				SWIFT_VERSION = 5.0;
				TARGETED_DEVICE_FAMILY = "1,2";
			};
			name = Release;
		};
/* End XCBuildConfiguration section */

/* Begin XCConfigurationList section */
		C28B792D27E3C48900824C1C /* Build configuration list for PBXProject "MyKindergarten" */ = {
			isa = XCConfigurationList;
			buildConfigurations = (
				C28B794427E3C48A00824C1C /* Debug */,
				C28B794527E3C48A00824C1C /* Release */,
			);
			defaultConfigurationIsVisible = 0;
			defaultConfigurationName = Release;
		};
		C28B794627E3C48A00824C1C /* Build configuration list for PBXNativeTarget "MyKindergarten" */ = {
			isa = XCConfigurationList;
			buildConfigurations = (
				C28B794727E3C48A00824C1C /* Debug */,
				C28B794827E3C48A00824C1C /* Release */,
			);
			defaultConfigurationIsVisible = 0;
			defaultConfigurationName = Release;
		};
/* End XCConfigurationList section */

/* Begin XCRemoteSwiftPackageReference section */
		C24680D228200FAE003B7789 /* XCRemoteSwiftPackageReference "firebase-ios-sdk" */ = {
			isa = XCRemoteSwiftPackageReference;
			repositoryURL = "https://github.com/firebase/firebase-ios-sdk";
			requirement = {
				kind = exactVersion;
				version = 8.9.1;
			};
		};
		C249AAED27F2599B00298572 /* XCRemoteSwiftPackageReference "KeychainAccess" */ = {
			isa = XCRemoteSwiftPackageReference;
			repositoryURL = "https://github.com/kishikawakatsumi/KeychainAccess.git";
			requirement = {
				branch = master;
				kind = branch;
			};
		};
		C2D38BAA27E3D9A60020938F /* XCRemoteSwiftPackageReference "TTGSnackbar" */ = {
			isa = XCRemoteSwiftPackageReference;
			repositoryURL = "https://github.com/zekunyan/TTGSnackbar.git";
			requirement = {
				kind = upToNextMajorVersion;
				minimumVersion = 1.0.0;
			};
		};
		C2D38BAD27E3D9BB0020938F /* XCRemoteSwiftPackageReference "auto-layout-sugar-ios" */ = {
			isa = XCRemoteSwiftPackageReference;
			repositoryURL = "https://github.com/Heads-and-Hands/auto-layout-sugar-ios.git";
			requirement = {
				kind = upToNextMajorVersion;
				minimumVersion = 1.0.0;
			};
		};
		C2D38BB027E3DA130020938F /* XCRemoteSwiftPackageReference "KeyboardManager" */ = {
			isa = XCRemoteSwiftPackageReference;
			repositoryURL = "https://github.com/alphatroya/KeyboardManager.git";
			requirement = {
				kind = upToNextMajorVersion;
				minimumVersion = 1.0.0;
			};
		};
/* End XCRemoteSwiftPackageReference section */

/* Begin XCSwiftPackageProductDependency section */
		C24680D328200FAE003B7789 /* FirebaseAppCheck */ = {
			isa = XCSwiftPackageProductDependency;
			package = C24680D228200FAE003B7789 /* XCRemoteSwiftPackageReference "firebase-ios-sdk" */;
			productName = FirebaseAppCheck;
		};
		C24680D528200FAE003B7789 /* FirebaseAuth */ = {
			isa = XCSwiftPackageProductDependency;
			package = C24680D228200FAE003B7789 /* XCRemoteSwiftPackageReference "firebase-ios-sdk" */;
			productName = FirebaseAuth;
		};
		C24680D728200FAE003B7789 /* FirebaseAuthCombine-Community */ = {
			isa = XCSwiftPackageProductDependency;
			package = C24680D228200FAE003B7789 /* XCRemoteSwiftPackageReference "firebase-ios-sdk" */;
			productName = "FirebaseAuthCombine-Community";
		};
		C24680D928200FAE003B7789 /* FirebaseDatabase */ = {
			isa = XCSwiftPackageProductDependency;
			package = C24680D228200FAE003B7789 /* XCRemoteSwiftPackageReference "firebase-ios-sdk" */;
			productName = FirebaseDatabase;
		};
		C24680DB28200FAE003B7789 /* FirebaseFirestore */ = {
			isa = XCSwiftPackageProductDependency;
			package = C24680D228200FAE003B7789 /* XCRemoteSwiftPackageReference "firebase-ios-sdk" */;
			productName = FirebaseFirestore;
		};
		C24680DD28200FAE003B7789 /* FirebaseFirestoreCombine-Community */ = {
			isa = XCSwiftPackageProductDependency;
			package = C24680D228200FAE003B7789 /* XCRemoteSwiftPackageReference "firebase-ios-sdk" */;
			productName = "FirebaseFirestoreCombine-Community";
		};
		C24680DF28200FAE003B7789 /* FirebaseFunctions */ = {
			isa = XCSwiftPackageProductDependency;
			package = C24680D228200FAE003B7789 /* XCRemoteSwiftPackageReference "firebase-ios-sdk" */;
			productName = FirebaseFunctions;
		};
		C24680E128200FAE003B7789 /* FirebaseStorage */ = {
			isa = XCSwiftPackageProductDependency;
			package = C24680D228200FAE003B7789 /* XCRemoteSwiftPackageReference "firebase-ios-sdk" */;
			productName = FirebaseStorage;
		};
		C24680E328200FAE003B7789 /* FirebaseStorageCombine-Community */ = {
			isa = XCSwiftPackageProductDependency;
			package = C24680D228200FAE003B7789 /* XCRemoteSwiftPackageReference "firebase-ios-sdk" */;
			productName = "FirebaseStorageCombine-Community";
		};
		C249AAEE27F2599B00298572 /* KeychainAccess */ = {
			isa = XCSwiftPackageProductDependency;
			package = C249AAED27F2599B00298572 /* XCRemoteSwiftPackageReference "KeychainAccess" */;
			productName = KeychainAccess;
		};
		C2D38BAB27E3D9A60020938F /* TTGSnackbar */ = {
			isa = XCSwiftPackageProductDependency;
			package = C2D38BAA27E3D9A60020938F /* XCRemoteSwiftPackageReference "TTGSnackbar" */;
			productName = TTGSnackbar;
		};
		C2D38BAE27E3D9BB0020938F /* AutoLayoutSugar */ = {
			isa = XCSwiftPackageProductDependency;
			package = C2D38BAD27E3D9BB0020938F /* XCRemoteSwiftPackageReference "auto-layout-sugar-ios" */;
			productName = AutoLayoutSugar;
		};
		C2D38BB127E3DA130020938F /* KeyboardManager */ = {
			isa = XCSwiftPackageProductDependency;
			package = C2D38BB027E3DA130020938F /* XCRemoteSwiftPackageReference "KeyboardManager" */;
			productName = KeyboardManager;
		};
/* End XCSwiftPackageProductDependency section */
	};
	rootObject = C28B792A27E3C48900824C1C /* Project object */;
}
